// !$*UTF8*$!
{
	archiveVersion = 1;
	classes = {
	};
	objectVersion = 46;
	objects = {

/* Begin PBXBuildFile section */
		BB3DB52619D49C5F00A6D07D /* compose.png in Resources */ = {isa = PBXBuildFile; fileRef = BB3DB52519D49C5F00A6D07D /* compose.png */; };
		BB3DB52B19D4D63F00A6D07D /* StatusDetailViewController.swift in Sources */ = {isa = PBXBuildFile; fileRef = BB3DB52A19D4D63F00A6D07D /* StatusDetailViewController.swift */; };
		BB3DB52D19D4E69900A6D07D /* starGrey.png in Resources */ = {isa = PBXBuildFile; fileRef = BB3DB52C19D4E69900A6D07D /* starGrey.png */; };
		BB3DB52F19D4E6D800A6D07D /* starYellow.png in Resources */ = {isa = PBXBuildFile; fileRef = BB3DB52E19D4E6D800A6D07D /* starYellow.png */; };
		BB3DB53119D4E6F800A6D07D /* retweet.png in Resources */ = {isa = PBXBuildFile; fileRef = BB3DB53019D4E6F800A6D07D /* retweet.png */; };
		BB3DB53319D4E70200A6D07D /* reply.png in Resources */ = {isa = PBXBuildFile; fileRef = BB3DB53219D4E70200A6D07D /* reply.png */; };
		BB3DB53519D4F21B00A6D07D /* retweetYellow.png in Resources */ = {isa = PBXBuildFile; fileRef = BB3DB53419D4F21B00A6D07D /* retweetYellow.png */; };
		BB97F12419D7570000DF6810 /* User.swift in Sources */ = {isa = PBXBuildFile; fileRef = BB97F12319D7570000DF6810 /* User.swift */; };
		BBB324DA19D3B98F005AC859 /* AppDelegate.swift in Sources */ = {isa = PBXBuildFile; fileRef = BBB324D919D3B98F005AC859 /* AppDelegate.swift */; };
		BBB324DC19D3B98F005AC859 /* ViewController.swift in Sources */ = {isa = PBXBuildFile; fileRef = BBB324DB19D3B98F005AC859 /* ViewController.swift */; };
		BBB324DF19D3B98F005AC859 /* Main.storyboard in Resources */ = {isa = PBXBuildFile; fileRef = BBB324DD19D3B98F005AC859 /* Main.storyboard */; };
		BBB324E119D3B98F005AC859 /* Images.xcassets in Resources */ = {isa = PBXBuildFile; fileRef = BBB324E019D3B98F005AC859 /* Images.xcassets */; };
		BBB324E419D3B98F005AC859 /* LaunchScreen.xib in Resources */ = {isa = PBXBuildFile; fileRef = BBB324E219D3B98F005AC859 /* LaunchScreen.xib */; };
		BBB324F019D3B98F005AC859 /* TwitterClientTests.swift in Sources */ = {isa = PBXBuildFile; fileRef = BBB324EF19D3B98F005AC859 /* TwitterClientTests.swift */; };
		BBB324FA19D3BA35005AC859 /* Social.framework in Frameworks */ = {isa = PBXBuildFile; fileRef = BBB324F919D3BA35005AC859 /* Social.framework */; };
		BBB324FC19D3BA48005AC859 /* Accounts.framework in Frameworks */ = {isa = PBXBuildFile; fileRef = BBB324FB19D3BA48005AC859 /* Accounts.framework */; };
		BBB324FE19D3C19D005AC859 /* StatusTableViewCell.swift in Sources */ = {isa = PBXBuildFile; fileRef = BBB324FD19D3C19D005AC859 /* StatusTableViewCell.swift */; };
		BBB3250019D3C383005AC859 /* Status.swift in Sources */ = {isa = PBXBuildFile; fileRef = BBB324FF19D3C383005AC859 /* Status.swift */; };
		BBB3250219D3C669005AC859 /* ComposerViewController.swift in Sources */ = {isa = PBXBuildFile; fileRef = BBB3250119D3C669005AC859 /* ComposerViewController.swift */; };
		BBEB3A0E19D632FB001527C5 /* TwitterClient.swift in Sources */ = {isa = PBXBuildFile; fileRef = BBEB3A0D19D632FB001527C5 /* TwitterClient.swift */; };
		BBEB3A1019D635BD001527C5 /* LoginViewController.swift in Sources */ = {isa = PBXBuildFile; fileRef = BBEB3A0F19D635BD001527C5 /* LoginViewController.swift */; };
		DAF496C313F04082AF0D5360 /* libPods.a in Frameworks */ = {isa = PBXBuildFile; fileRef = 10C3900E36C34FB59E91FCDC /* libPods.a */; };
/* End PBXBuildFile section */

/* Begin PBXContainerItemProxy section */
		BBB324EA19D3B98F005AC859 /* PBXContainerItemProxy */ = {
			isa = PBXContainerItemProxy;
			containerPortal = BBB324CC19D3B98F005AC859 /* Project object */;
			proxyType = 1;
			remoteGlobalIDString = BBB324D319D3B98F005AC859;
			remoteInfo = TwitterClient;
		};
/* End PBXContainerItemProxy section */

/* Begin PBXFileReference section */
		10C3900E36C34FB59E91FCDC /* libPods.a */ = {isa = PBXFileReference; explicitFileType = archive.ar; includeInIndex = 0; path = libPods.a; sourceTree = BUILT_PRODUCTS_DIR; };
		BB3DB52119D499C500A6D07D /* TwitterClient-Bridging-Header.h */ = {isa = PBXFileReference; lastKnownFileType = sourcecode.c.h; path = "TwitterClient-Bridging-Header.h"; sourceTree = "<group>"; };
		BB3DB52519D49C5F00A6D07D /* compose.png */ = {isa = PBXFileReference; lastKnownFileType = image.png; name = compose.png; path = ../compose.png; sourceTree = "<group>"; };
		BB3DB52A19D4D63F00A6D07D /* StatusDetailViewController.swift */ = {isa = PBXFileReference; fileEncoding = 4; lastKnownFileType = sourcecode.swift; path = StatusDetailViewController.swift; sourceTree = "<group>"; };
		BB3DB52C19D4E69900A6D07D /* starGrey.png */ = {isa = PBXFileReference; lastKnownFileType = image.png; name = starGrey.png; path = ../starGrey.png; sourceTree = "<group>"; };
		BB3DB52E19D4E6D800A6D07D /* starYellow.png */ = {isa = PBXFileReference; lastKnownFileType = image.png; name = starYellow.png; path = ../starYellow.png; sourceTree = "<group>"; };
		BB3DB53019D4E6F800A6D07D /* retweet.png */ = {isa = PBXFileReference; lastKnownFileType = image.png; name = retweet.png; path = ../retweet.png; sourceTree = "<group>"; };
		BB3DB53219D4E70200A6D07D /* reply.png */ = {isa = PBXFileReference; lastKnownFileType = image.png; name = reply.png; path = ../reply.png; sourceTree = "<group>"; };
		BB3DB53419D4F21B00A6D07D /* retweetYellow.png */ = {isa = PBXFileReference; lastKnownFileType = image.png; name = retweetYellow.png; path = ../retweetYellow.png; sourceTree = "<group>"; };
		BB97F12319D7570000DF6810 /* User.swift */ = {isa = PBXFileReference; fileEncoding = 4; lastKnownFileType = sourcecode.swift; path = User.swift; sourceTree = "<group>"; };
		BBB324D419D3B98F005AC859 /* TwitterClient.app */ = {isa = PBXFileReference; explicitFileType = wrapper.application; includeInIndex = 0; path = TwitterClient.app; sourceTree = BUILT_PRODUCTS_DIR; };
		BBB324D819D3B98F005AC859 /* Info.plist */ = {isa = PBXFileReference; lastKnownFileType = text.plist.xml; path = Info.plist; sourceTree = "<group>"; };
		BBB324D919D3B98F005AC859 /* AppDelegate.swift */ = {isa = PBXFileReference; lastKnownFileType = sourcecode.swift; path = AppDelegate.swift; sourceTree = "<group>"; };
		BBB324DB19D3B98F005AC859 /* ViewController.swift */ = {isa = PBXFileReference; lastKnownFileType = sourcecode.swift; path = ViewController.swift; sourceTree = "<group>"; };
		BBB324DE19D3B98F005AC859 /* Base */ = {isa = PBXFileReference; lastKnownFileType = file.storyboard; name = Base; path = Base.lproj/Main.storyboard; sourceTree = "<group>"; };
		BBB324E019D3B98F005AC859 /* Images.xcassets */ = {isa = PBXFileReference; lastKnownFileType = folder.assetcatalog; path = Images.xcassets; sourceTree = "<group>"; };
		BBB324E319D3B98F005AC859 /* Base */ = {isa = PBXFileReference; lastKnownFileType = file.xib; name = Base; path = Base.lproj/LaunchScreen.xib; sourceTree = "<group>"; };
		BBB324E919D3B98F005AC859 /* TwitterClientTests.xctest */ = {isa = PBXFileReference; explicitFileType = wrapper.cfbundle; includeInIndex = 0; path = TwitterClientTests.xctest; sourceTree = BUILT_PRODUCTS_DIR; };
		BBB324EE19D3B98F005AC859 /* Info.plist */ = {isa = PBXFileReference; lastKnownFileType = text.plist.xml; path = Info.plist; sourceTree = "<group>"; };
		BBB324EF19D3B98F005AC859 /* TwitterClientTests.swift */ = {isa = PBXFileReference; lastKnownFileType = sourcecode.swift; path = TwitterClientTests.swift; sourceTree = "<group>"; };
		BBB324F919D3BA35005AC859 /* Social.framework */ = {isa = PBXFileReference; lastKnownFileType = wrapper.framework; name = Social.framework; path = System/Library/Frameworks/Social.framework; sourceTree = SDKROOT; };
		BBB324FB19D3BA48005AC859 /* Accounts.framework */ = {isa = PBXFileReference; lastKnownFileType = wrapper.framework; name = Accounts.framework; path = System/Library/Frameworks/Accounts.framework; sourceTree = SDKROOT; };
		BBB324FD19D3C19D005AC859 /* StatusTableViewCell.swift */ = {isa = PBXFileReference; fileEncoding = 4; lastKnownFileType = sourcecode.swift; path = StatusTableViewCell.swift; sourceTree = "<group>"; };
		BBB324FF19D3C383005AC859 /* Status.swift */ = {isa = PBXFileReference; fileEncoding = 4; lastKnownFileType = sourcecode.swift; path = Status.swift; sourceTree = "<group>"; };
		BBB3250119D3C669005AC859 /* ComposerViewController.swift */ = {isa = PBXFileReference; fileEncoding = 4; lastKnownFileType = sourcecode.swift; path = ComposerViewController.swift; sourceTree = "<group>"; };
		BBEB3A0D19D632FB001527C5 /* TwitterClient.swift */ = {isa = PBXFileReference; fileEncoding = 4; lastKnownFileType = sourcecode.swift; path = TwitterClient.swift; sourceTree = "<group>"; };
		BBEB3A0F19D635BD001527C5 /* LoginViewController.swift */ = {isa = PBXFileReference; fileEncoding = 4; lastKnownFileType = sourcecode.swift; path = LoginViewController.swift; sourceTree = "<group>"; };
		EF5FADA942644657B3D52989 /* Pods.xcconfig */ = {isa = PBXFileReference; includeInIndex = 1; lastKnownFileType = text.xcconfig; name = Pods.xcconfig; path = Pods/Pods.xcconfig; sourceTree = "<group>"; };
/* End PBXFileReference section */

/* Begin PBXFrameworksBuildPhase section */
		BBB324D119D3B98F005AC859 /* Frameworks */ = {
			isa = PBXFrameworksBuildPhase;
			buildActionMask = 2147483647;
			files = (
				BBB324FC19D3BA48005AC859 /* Accounts.framework in Frameworks */,
				BBB324FA19D3BA35005AC859 /* Social.framework in Frameworks */,
				DAF496C313F04082AF0D5360 /* libPods.a in Frameworks */,
			);
			runOnlyForDeploymentPostprocessing = 0;
		};
		BBB324E619D3B98F005AC859 /* Frameworks */ = {
			isa = PBXFrameworksBuildPhase;
			buildActionMask = 2147483647;
			files = (
			);
			runOnlyForDeploymentPostprocessing = 0;
		};
/* End PBXFrameworksBuildPhase section */

/* Begin PBXGroup section */
		BB3DB53619D4FD1200A6D07D /* Images */ = {
			isa = PBXGroup;
			children = (
				BB3DB52519D49C5F00A6D07D /* compose.png */,
				BB3DB52C19D4E69900A6D07D /* starGrey.png */,
				BB3DB53419D4F21B00A6D07D /* retweetYellow.png */,
				BB3DB52E19D4E6D800A6D07D /* starYellow.png */,
				BB3DB53019D4E6F800A6D07D /* retweet.png */,
				BB3DB53219D4E70200A6D07D /* reply.png */,
			);
			name = Images;
			sourceTree = "<group>";
		};
		BB97F12219D756E100DF6810 /* Models */ = {
			isa = PBXGroup;
			children = (
				BB97F12319D7570000DF6810 /* User.swift */,
				BBB324FF19D3C383005AC859 /* Status.swift */,
			);
			name = Models;
			sourceTree = "<group>";
		};
		BB97F12519D75B8F00DF6810 /* API */ = {
			isa = PBXGroup;
			children = (
				BBEB3A0D19D632FB001527C5 /* TwitterClient.swift */,
			);
			name = API;
			sourceTree = "<group>";
		};
		BBB324CB19D3B98F005AC859 = {
			isa = PBXGroup;
			children = (
				BBB324D619D3B98F005AC859 /* TwitterClient */,
				BBB324EC19D3B98F005AC859 /* TwitterClientTests */,
				BBB324D519D3B98F005AC859 /* Products */,
				EF5FADA942644657B3D52989 /* Pods.xcconfig */,
				F97AAD26FDC64D69AF4B3ED4 /* Frameworks */,
			);
			sourceTree = "<group>";
		};
		BBB324D519D3B98F005AC859 /* Products */ = {
			isa = PBXGroup;
			children = (
				BBB324D419D3B98F005AC859 /* TwitterClient.app */,
				BBB324E919D3B98F005AC859 /* TwitterClientTests.xctest */,
			);
			name = Products;
			sourceTree = "<group>";
		};
		BBB324D619D3B98F005AC859 /* TwitterClient */ = {
			isa = PBXGroup;
			children = (
				BB97F12519D75B8F00DF6810 /* API */,
				BB97F12219D756E100DF6810 /* Models */,
				BB3DB53619D4FD1200A6D07D /* Images */,
				BB3DB52A19D4D63F00A6D07D /* StatusDetailViewController.swift */,
				BBB324D919D3B98F005AC859 /* AppDelegate.swift */,
				BBB324DB19D3B98F005AC859 /* ViewController.swift */,
				BBEB3A0F19D635BD001527C5 /* LoginViewController.swift */,
				BBB324DD19D3B98F005AC859 /* Main.storyboard */,
				BBB3250119D3C669005AC859 /* ComposerViewController.swift */,
				BBB324FD19D3C19D005AC859 /* StatusTableViewCell.swift */,
				BBB324E019D3B98F005AC859 /* Images.xcassets */,
				BBB324E219D3B98F005AC859 /* LaunchScreen.xib */,
				BBB324D719D3B98F005AC859 /* Supporting Files */,
				BB3DB52119D499C500A6D07D /* TwitterClient-Bridging-Header.h */,
			);
			path = TwitterClient;
			sourceTree = "<group>";
		};
		BBB324D719D3B98F005AC859 /* Supporting Files */ = {
			isa = PBXGroup;
			children = (
				BBB324D819D3B98F005AC859 /* Info.plist */,
			);
			name = "Supporting Files";
			sourceTree = "<group>";
		};
		BBB324EC19D3B98F005AC859 /* TwitterClientTests */ = {
			isa = PBXGroup;
			children = (
				BBB324EF19D3B98F005AC859 /* TwitterClientTests.swift */,
				BBB324ED19D3B98F005AC859 /* Supporting Files */,
			);
			path = TwitterClientTests;
			sourceTree = "<group>";
		};
		BBB324ED19D3B98F005AC859 /* Supporting Files */ = {
			isa = PBXGroup;
			children = (
				BBB324EE19D3B98F005AC859 /* Info.plist */,
			);
			name = "Supporting Files";
			sourceTree = "<group>";
		};
		F97AAD26FDC64D69AF4B3ED4 /* Frameworks */ = {
			isa = PBXGroup;
			children = (
				BBB324FB19D3BA48005AC859 /* Accounts.framework */,
				BBB324F919D3BA35005AC859 /* Social.framework */,
				10C3900E36C34FB59E91FCDC /* libPods.a */,
			);
			name = Frameworks;
			sourceTree = "<group>";
		};
/* End PBXGroup section */

/* Begin PBXNativeTarget section */
		BBB324D319D3B98F005AC859 /* TwitterClient */ = {
			isa = PBXNativeTarget;
			buildConfigurationList = BBB324F319D3B98F005AC859 /* Build configuration list for PBXNativeTarget "TwitterClient" */;
			buildPhases = (
				016FDDB81FCF42C7AF4E6EDF /* Check Pods Manifest.lock */,
				BBB324D019D3B98F005AC859 /* Sources */,
				BBB324D119D3B98F005AC859 /* Frameworks */,
				BBB324D219D3B98F005AC859 /* Resources */,
				D75F4E76A7E3488EB1A961EE /* Copy Pods Resources */,
			);
			buildRules = (
			);
			dependencies = (
			);
			name = TwitterClient;
			productName = TwitterClient;
			productReference = BBB324D419D3B98F005AC859 /* TwitterClient.app */;
			productType = "com.apple.product-type.application";
		};
		BBB324E819D3B98F005AC859 /* TwitterClientTests */ = {
			isa = PBXNativeTarget;
			buildConfigurationList = BBB324F619D3B98F005AC859 /* Build configuration list for PBXNativeTarget "TwitterClientTests" */;
			buildPhases = (
				BBB324E519D3B98F005AC859 /* Sources */,
				BBB324E619D3B98F005AC859 /* Frameworks */,
				BBB324E719D3B98F005AC859 /* Resources */,
			);
			buildRules = (
			);
			dependencies = (
				BBB324EB19D3B98F005AC859 /* PBXTargetDependency */,
			);
			name = TwitterClientTests;
			productName = TwitterClientTests;
			productReference = BBB324E919D3B98F005AC859 /* TwitterClientTests.xctest */;
			productType = "com.apple.product-type.bundle.unit-test";
		};
/* End PBXNativeTarget section */

/* Begin PBXProject section */
		BBB324CC19D3B98F005AC859 /* Project object */ = {
			isa = PBXProject;
			attributes = {
				LastUpgradeCheck = 0600;
				ORGANIZATIONNAME = "Franklin Ho";
				TargetAttributes = {
					BBB324D319D3B98F005AC859 = {
						CreatedOnToolsVersion = 6.0;
					};
					BBB324E819D3B98F005AC859 = {
						CreatedOnToolsVersion = 6.0;
						TestTargetID = BBB324D319D3B98F005AC859;
					};
				};
			};
			buildConfigurationList = BBB324CF19D3B98F005AC859 /* Build configuration list for PBXProject "TwitterClient" */;
			compatibilityVersion = "Xcode 3.2";
			developmentRegion = English;
			hasScannedForEncodings = 0;
			knownRegions = (
				en,
				Base,
			);
			mainGroup = BBB324CB19D3B98F005AC859;
			productRefGroup = BBB324D519D3B98F005AC859 /* Products */;
			projectDirPath = "";
			projectRoot = "";
			targets = (
				BBB324D319D3B98F005AC859 /* TwitterClient */,
				BBB324E819D3B98F005AC859 /* TwitterClientTests */,
			);
		};
/* End PBXProject section */

/* Begin PBXResourcesBuildPhase section */
		BBB324D219D3B98F005AC859 /* Resources */ = {
			isa = PBXResourcesBuildPhase;
			buildActionMask = 2147483647;
			files = (
				BBB324DF19D3B98F005AC859 /* Main.storyboard in Resources */,
				BB3DB52F19D4E6D800A6D07D /* starYellow.png in Resources */,
				BB3DB53119D4E6F800A6D07D /* retweet.png in Resources */,
				BBB324E419D3B98F005AC859 /* LaunchScreen.xib in Resources */,
				BBB324E119D3B98F005AC859 /* Images.xcassets in Resources */,
				BB3DB53519D4F21B00A6D07D /* retweetYellow.png in Resources */,
				BB3DB53319D4E70200A6D07D /* reply.png in Resources */,
				BB3DB52619D49C5F00A6D07D /* compose.png in Resources */,
				BB3DB52D19D4E69900A6D07D /* starGrey.png in Resources */,
			);
			runOnlyForDeploymentPostprocessing = 0;
		};
		BBB324E719D3B98F005AC859 /* Resources */ = {
			isa = PBXResourcesBuildPhase;
			buildActionMask = 2147483647;
			files = (
			);
			runOnlyForDeploymentPostprocessing = 0;
		};
/* End PBXResourcesBuildPhase section */

/* Begin PBXShellScriptBuildPhase section */
		016FDDB81FCF42C7AF4E6EDF /* Check Pods Manifest.lock */ = {
			isa = PBXShellScriptBuildPhase;
			buildActionMask = 2147483647;
			files = (
			);
			inputPaths = (
			);
			name = "Check Pods Manifest.lock";
			outputPaths = (
			);
			runOnlyForDeploymentPostprocessing = 0;
			shellPath = /bin/sh;
			shellScript = "diff \"${PODS_ROOT}/../Podfile.lock\" \"${PODS_ROOT}/Manifest.lock\" > /dev/null\nif [[ $? != 0 ]] ; then\n    cat << EOM\nerror: The sandbox is not in sync with the Podfile.lock. Run 'pod install' or update your CocoaPods installation.\nEOM\n    exit 1\nfi\n";
			showEnvVarsInLog = 0;
		};
		D75F4E76A7E3488EB1A961EE /* Copy Pods Resources */ = {
			isa = PBXShellScriptBuildPhase;
			buildActionMask = 2147483647;
			files = (
			);
			inputPaths = (
			);
			name = "Copy Pods Resources";
			outputPaths = (
			);
			runOnlyForDeploymentPostprocessing = 0;
			shellPath = /bin/sh;
			shellScript = "\"${SRCROOT}/Pods/Pods-resources.sh\"\n";
			showEnvVarsInLog = 0;
		};
/* End PBXShellScriptBuildPhase section */

/* Begin PBXSourcesBuildPhase section */
		BBB324D019D3B98F005AC859 /* Sources */ = {
			isa = PBXSourcesBuildPhase;
			buildActionMask = 2147483647;
			files = (
				BB3DB52B19D4D63F00A6D07D /* StatusDetailViewController.swift in Sources */,
				BBB324FE19D3C19D005AC859 /* StatusTableViewCell.swift in Sources */,
				BBB3250219D3C669005AC859 /* ComposerViewController.swift in Sources */,
				BBB324DC19D3B98F005AC859 /* ViewController.swift in Sources */,
				BBEB3A1019D635BD001527C5 /* LoginViewController.swift in Sources */,
				BB97F12419D7570000DF6810 /* User.swift in Sources */,
				BBEB3A0E19D632FB001527C5 /* TwitterClient.swift in Sources */,
				BBB324DA19D3B98F005AC859 /* AppDelegate.swift in Sources */,
				BBB3250019D3C383005AC859 /* Status.swift in Sources */,
			);
			runOnlyForDeploymentPostprocessing = 0;
		};
		BBB324E519D3B98F005AC859 /* Sources */ = {
			isa = PBXSourcesBuildPhase;
			buildActionMask = 2147483647;
			files = (
				BBB324F019D3B98F005AC859 /* TwitterClientTests.swift in Sources */,
			);
			runOnlyForDeploymentPostprocessing = 0;
		};
/* End PBXSourcesBuildPhase section */

/* Begin PBXTargetDependency section */
		BBB324EB19D3B98F005AC859 /* PBXTargetDependency */ = {
			isa = PBXTargetDependency;
			target = BBB324D319D3B98F005AC859 /* TwitterClient */;
			targetProxy = BBB324EA19D3B98F005AC859 /* PBXContainerItemProxy */;
		};
/* End PBXTargetDependency section */

/* Begin PBXVariantGroup section */
		BBB324DD19D3B98F005AC859 /* Main.storyboard */ = {
			isa = PBXVariantGroup;
			children = (
				BBB324DE19D3B98F005AC859 /* Base */,
			);
			name = Main.storyboard;
			sourceTree = "<group>";
		};
		BBB324E219D3B98F005AC859 /* LaunchScreen.xib */ = {
			isa = PBXVariantGroup;
			children = (
				BBB324E319D3B98F005AC859 /* Base */,
			);
			name = LaunchScreen.xib;
			sourceTree = "<group>";
		};
/* End PBXVariantGroup section */

/* Begin XCBuildConfiguration section */
		BBB324F119D3B98F005AC859 /* Debug */ = {
			isa = XCBuildConfiguration;
			buildSettings = {
				ALWAYS_SEARCH_USER_PATHS = NO;
				CLANG_CXX_LANGUAGE_STANDARD = "gnu++0x";
				CLANG_CXX_LIBRARY = "libc++";
				CLANG_ENABLE_MODULES = YES;
				CLANG_ENABLE_OBJC_ARC = YES;
				CLANG_WARN_BOOL_CONVERSION = YES;
				CLANG_WARN_CONSTANT_CONVERSION = YES;
				CLANG_WARN_DIRECT_OBJC_ISA_USAGE = YES_ERROR;
				CLANG_WARN_EMPTY_BODY = YES;
				CLANG_WARN_ENUM_CONVERSION = YES;
				CLANG_WARN_INT_CONVERSION = YES;
				CLANG_WARN_OBJC_ROOT_CLASS = YES_ERROR;
				CLANG_WARN_UNREACHABLE_CODE = YES;
				CLANG_WARN__DUPLICATE_METHOD_MATCH = YES;
				"CODE_SIGN_IDENTITY[sdk=iphoneos*]" = "iPhone Developer";
				COPY_PHASE_STRIP = NO;
				ENABLE_STRICT_OBJC_MSGSEND = YES;
				GCC_C_LANGUAGE_STANDARD = gnu99;
				GCC_DYNAMIC_NO_PIC = NO;
				GCC_OPTIMIZATION_LEVEL = 0;
				GCC_PREPROCESSOR_DEFINITIONS = (
					"DEBUG=1",
					"$(inherited)",
				);
				GCC_SYMBOLS_PRIVATE_EXTERN = NO;
				GCC_WARN_64_TO_32_BIT_CONVERSION = YES;
				GCC_WARN_ABOUT_RETURN_TYPE = YES_ERROR;
				GCC_WARN_UNDECLARED_SELECTOR = YES;
				GCC_WARN_UNINITIALIZED_AUTOS = YES_AGGRESSIVE;
				GCC_WARN_UNUSED_FUNCTION = YES;
				GCC_WARN_UNUSED_VARIABLE = YES;
				IPHONEOS_DEPLOYMENT_TARGET = 8.0;
				MTL_ENABLE_DEBUG_INFO = YES;
				ONLY_ACTIVE_ARCH = YES;
				SDKROOT = iphoneos;
				SWIFT_OPTIMIZATION_LEVEL = "-Onone";
			};
			name = Debug;
		};
		BBB324F219D3B98F005AC859 /* Release */ = {
			isa = XCBuildConfiguration;
			buildSettings = {
				ALWAYS_SEARCH_USER_PATHS = NO;
				CLANG_CXX_LANGUAGE_STANDARD = "gnu++0x";
				CLANG_CXX_LIBRARY = "libc++";
				CLANG_ENABLE_MODULES = YES;
				CLANG_ENABLE_OBJC_ARC = YES;
				CLANG_WARN_BOOL_CONVERSION = YES;
				CLANG_WARN_CONSTANT_CONVERSION = YES;
				CLANG_WARN_DIRECT_OBJC_ISA_USAGE = YES_ERROR;
				CLANG_WARN_EMPTY_BODY = YES;
				CLANG_WARN_ENUM_CONVERSION = YES;
				CLANG_WARN_INT_CONVERSION = YES;
				CLANG_WARN_OBJC_ROOT_CLASS = YES_ERROR;
				CLANG_WARN_UNREACHABLE_CODE = YES;
				CLANG_WARN__DUPLICATE_METHOD_MATCH = YES;
				"CODE_SIGN_IDENTITY[sdk=iphoneos*]" = "iPhone Developer";
				COPY_PHASE_STRIP = YES;
				ENABLE_NS_ASSERTIONS = NO;
				ENABLE_STRICT_OBJC_MSGSEND = YES;
				GCC_C_LANGUAGE_STANDARD = gnu99;
				GCC_WARN_64_TO_32_BIT_CONVERSION = YES;
				GCC_WARN_ABOUT_RETURN_TYPE = YES_ERROR;
				GCC_WARN_UNDECLARED_SELECTOR = YES;
				GCC_WARN_UNINITIALIZED_AUTOS = YES_AGGRESSIVE;
				GCC_WARN_UNUSED_FUNCTION = YES;
				GCC_WARN_UNUSED_VARIABLE = YES;
				IPHONEOS_DEPLOYMENT_TARGET = 8.0;
				MTL_ENABLE_DEBUG_INFO = NO;
				SDKROOT = iphoneos;
				VALIDATE_PRODUCT = YES;
			};
			name = Release;
		};
		BBB324F419D3B98F005AC859 /* Debug */ = {
			isa = XCBuildConfiguration;
			baseConfigurationReference = EF5FADA942644657B3D52989 /* Pods.xcconfig */;
			buildSettings = {
				ASSETCATALOG_COMPILER_APPICON_NAME = AppIcon;
				CLANG_ENABLE_MODULES = YES;
				INFOPLIST_FILE = TwitterClient/Info.plist;
				IPHONEOS_DEPLOYMENT_TARGET = 8.0;
				LD_RUNPATH_SEARCH_PATHS = "$(inherited) @executable_path/Frameworks";
				PRODUCT_NAME = "$(TARGET_NAME)";
				SWIFT_OBJC_BRIDGING_HEADER = "TwitterClient/TwitterClient-Bridging-Header.h";
				SWIFT_OPTIMIZATION_LEVEL = "-Onone";
			};
			name = Debug;
		};
		BBB324F519D3B98F005AC859 /* Release */ = {
			isa = XCBuildConfiguration;
			baseConfigurationReference = EF5FADA942644657B3D52989 /* Pods.xcconfig */;
			buildSettings = {
				ASSETCATALOG_COMPILER_APPICON_NAME = AppIcon;
				CLANG_ENABLE_MODULES = YES;
				INFOPLIST_FILE = TwitterClient/Info.plist;
				IPHONEOS_DEPLOYMENT_TARGET = 8.0;
				LD_RUNPATH_SEARCH_PATHS = "$(inherited) @executable_path/Frameworks";
				PRODUCT_NAME = "$(TARGET_NAME)";
				SWIFT_OBJC_BRIDGING_HEADER = "TwitterClient/TwitterClient-Bridging-Header.h";
			};
			name = Release;
		};
		BBB324F719D3B98F005AC859 /* Debug */ = {
			isa = XCBuildConfiguration;
			buildSettings = {
				BUNDLE_LOADER = "$(TEST_HOST)";
				FRAMEWORK_SEARCH_PATHS = (
					"$(SDKROOT)/Developer/Library/Frameworks",
					"$(inherited)",
				);
				GCC_PREPROCESSOR_DEFINITIONS = (
					"DEBUG=1",
					"$(inherited)",
				);
				INFOPLIST_FILE = TwitterClientTests/Info.plist;
				LD_RUNPATH_SEARCH_PATHS = "$(inherited) @executable_path/Frameworks @loader_path/Frameworks";
				PRODUCT_NAME = "$(TARGET_NAME)";
				TEST_HOST = "$(BUILT_PRODUCTS_DIR)/TwitterClient.app/TwitterClient";
			};
			name = Debug;
		};
		BBB324F819D3B98F005AC859 /* Release */ = {
			isa = XCBuildConfiguration;
			buildSettings = {
				BUNDLE_LOADER = "$(TEST_HOST)";
				FRAMEWORK_SEARCH_PATHS = (
					"$(SDKROOT)/Developer/Library/Frameworks",
					"$(inherited)",
				);
				INFOPLIST_FILE = TwitterClientTests/Info.plist;
				LD_RUNPATH_SEARCH_PATHS = "$(inherited) @executable_path/Frameworks @loader_path/Frameworks";
				PRODUCT_NAME = "$(TARGET_NAME)";
				TEST_HOST = "$(BUILT_PRODUCTS_DIR)/TwitterClient.app/TwitterClient";
			};
			name = Release;
		};
/* End XCBuildConfiguration section */

/* Begin XCConfigurationList section */
		BBB324CF19D3B98F005AC859 /* Build configuration list for PBXProject "TwitterClient" */ = {
			isa = XCConfigurationList;
			buildConfigurations = (
				BBB324F119D3B98F005AC859 /* Debug */,
				BBB324F219D3B98F005AC859 /* Release */,
			);
			defaultConfigurationIsVisible = 0;
			defaultConfigurationName = Release;
		};
		BBB324F319D3B98F005AC859 /* Build configuration list for PBXNativeTarget "TwitterClient" */ = {
			isa = XCConfigurationList;
			buildConfigurations = (
				BBB324F419D3B98F005AC859 /* Debug */,
				BBB324F519D3B98F005AC859 /* Release */,
			);
			defaultConfigurationIsVisible = 0;
			defaultConfigurationName = Release;
		};
		BBB324F619D3B98F005AC859 /* Build configuration list for PBXNativeTarget "TwitterClientTests" */ = {
			isa = XCConfigurationList;
			buildConfigurations = (
				BBB324F719D3B98F005AC859 /* Debug */,
				BBB324F819D3B98F005AC859 /* Release */,
			);
			defaultConfigurationIsVisible = 0;
			defaultConfigurationName = Release;
		};
/* End XCConfigurationList section */
	};
	rootObject = BBB324CC19D3B98F005AC859 /* Project object */;
}
